
Microsoft Visual Studio Solution File, Format Version 12.00
# Visual Studio Version 16
VisualStudioVersion = 16.0.30320.27
MinimumVisualStudioVersion = 10.0.40219.1
Project("{FAE04EC0-301F-11D3-BF4B-00C04F79EFBC}") = "lolnums", "lolnums\lolnums.csproj", "{9DEA1305-BF42-43EB-B460-12F97AC5DE1D}"
EndProject
Project("{FAE04EC0-301F-11D3-BF4B-00C04F79EFBC}") = "ObjectLayer", "ObjectLayer\ObjectLayer.csproj", "{BC625EEA-4C3D-48AC-8E23-C9369ACA0A2F}"
EndProject
Project("{FAE04EC0-301F-11D3-BF4B-00C04F79EFBC}") = "ConfigLayer", "ConfigLayer\ConfigLayer.csproj", "{7774273A-2CA5-48D7-A9CF-589D2B3B8020}"
EndProject
Global
	GlobalSection(SolutionConfigurationPlatforms) = preSolution
		Debug|Any CPU = Debug|Any CPU
		Release|Any CPU = Release|Any CPU
	EndGlobalSection
	GlobalSection(ProjectConfigurationPlatforms) = postSolution
		{9DEA1305-BF42-43EB-B460-12F97AC5DE1D}.Debug|Any CPU.ActiveCfg = Debug|Any CPU
		{9DEA1305-BF42-43EB-B460-12F97AC5DE1D}.Debug|Any CPU.Build.0 = Debug|Any CPU
		{9DEA1305-BF42-43EB-B460-12F97AC5DE1D}.Release|Any CPU.ActiveCfg = Release|Any CPU
		{9DEA1305-BF42-43EB-B460-12F97AC5DE1D}.Release|Any CPU.Build.0 = Release|Any CPU
		{BC625EEA-4C3D-48AC-8E23-C9369ACA0A2F}.Debug|Any CPU.ActiveCfg = Debug|Any CPU
		{BC625EEA-4C3D-48AC-8E23-C9369ACA0A2F}.Debug|Any CPU.Build.0 = Debug|Any CPU
		{BC625EEA-4C3D-48AC-8E23-C9369ACA0A2F}.Release|Any CPU.ActiveCfg = Release|Any CPU
		{BC625EEA-4C3D-48AC-8E23-C9369ACA0A2F}.Release|Any CPU.Build.0 = Release|Any CPU
		{7774273A-2CA5-48D7-A9CF-589D2B3B8020}.Debug|Any CPU.ActiveCfg = Debug|Any CPU
		{7774273A-2CA5-48D7-A9CF-589D2B3B8020}.Debug|Any CPU.Build.0 = Debug|Any CPU
		{7774273A-2CA5-48D7-A9CF-589D2B3B8020}.Release|Any CPU.ActiveCfg = Release|Any CPU
		{7774273A-2CA5-48D7-A9CF-589D2B3B8020}.Release|Any CPU.Build.0 = Release|Any CPU
	EndGlobalSection
	GlobalSection(SolutionProperties) = preSolution
		HideSolutionNode = FALSE
	EndGlobalSection
	GlobalSection(ExtensibilityGlobals) = postSolution
		SolutionGuid = {38DD9591-8A84-4E46-A278-1A23F5A57739}
	EndGlobalSection
EndGlobal
